{
  "requires": true,
  "lockfileVersion": 1,
  "dependencies": {
    "floatthead": {
      "version": "2.1.4",
      "resolved": "https://registry.npmjs.org/floatthead/-/floatthead-2.1.4.tgz",
      "integrity": "sha512-ddQOHZGah8zZebLGTxICF1W8T5BiiVQio2ur9lqSIGEUJSa7vb7CI8sVEsXQ+KfXScBQWwI9ViAMFKq9YYlS+w=="
    }
  }
}
